
Microsoft Visual Studio Solution File, Format Version 12.00
# Visual Studio Version 16
VisualStudioVersion = 16.0.30907.101
MinimumVisualStudioVersion = 10.0.40219.1
Project("{9A19103F-16F7-4668-BE54-9A1E7A4F7556}") = "Entities", "Entities\Entities.csproj", "{7ABB75A4-0F08-478A-B9FD-7C6B90D8A648}"
EndProject
Project("{9A19103F-16F7-4668-BE54-9A1E7A4F7556}") = "DataAccess", "DataAccess\DataAccess.csproj", "{1D9D8740-22C0-4182-AA06-C9CDE64D0160}"
EndProject
Project("{9A19103F-16F7-4668-BE54-9A1E7A4F7556}") = "Business", "Business\Business.csproj", "{3169B798-1718-4100-B49C-534044709D41}"
EndProject
Project("{9A19103F-16F7-4668-BE54-9A1E7A4F7556}") = "ConsoleUl", "ConsoleUl\ConsoleUl.csproj", "{77C949B1-869E-46F4-92AB-57B37D417611}"
EndProject
Project("{FAE04EC0-301F-11D3-BF4B-00C04F79EFBC}") = "Core", "Core\Core.csproj", "{576F7624-F37F-4BC9-BD61-C4A2113F755B}"
EndProject
Global
	GlobalSection(SolutionConfigurationPlatforms) = preSolution
		Debug|Any CPU = Debug|Any CPU
		Release|Any CPU = Release|Any CPU
	EndGlobalSection
	GlobalSection(ProjectConfigurationPlatforms) = postSolution
		{7ABB75A4-0F08-478A-B9FD-7C6B90D8A648}.Debug|Any CPU.ActiveCfg = Debug|Any CPU
		{7ABB75A4-0F08-478A-B9FD-7C6B90D8A648}.Debug|Any CPU.Build.0 = Debug|Any CPU
		{7ABB75A4-0F08-478A-B9FD-7C6B90D8A648}.Release|Any CPU.ActiveCfg = Release|Any CPU
		{7ABB75A4-0F08-478A-B9FD-7C6B90D8A648}.Release|Any CPU.Build.0 = Release|Any CPU
		{1D9D8740-22C0-4182-AA06-C9CDE64D0160}.Debug|Any CPU.ActiveCfg = Debug|Any CPU
		{1D9D8740-22C0-4182-AA06-C9CDE64D0160}.Debug|Any CPU.Build.0 = Debug|Any CPU
		{1D9D8740-22C0-4182-AA06-C9CDE64D0160}.Release|Any CPU.ActiveCfg = Release|Any CPU
		{1D9D8740-22C0-4182-AA06-C9CDE64D0160}.Release|Any CPU.Build.0 = Release|Any CPU
		{3169B798-1718-4100-B49C-534044709D41}.Debug|Any CPU.ActiveCfg = Debug|Any CPU
		{3169B798-1718-4100-B49C-534044709D41}.Debug|Any CPU.Build.0 = Debug|Any CPU
		{3169B798-1718-4100-B49C-534044709D41}.Release|Any CPU.ActiveCfg = Release|Any CPU
		{3169B798-1718-4100-B49C-534044709D41}.Release|Any CPU.Build.0 = Release|Any CPU
		{77C949B1-869E-46F4-92AB-57B37D417611}.Debug|Any CPU.ActiveCfg = Debug|Any CPU
		{77C949B1-869E-46F4-92AB-57B37D417611}.Debug|Any CPU.Build.0 = Debug|Any CPU
		{77C949B1-869E-46F4-92AB-57B37D417611}.Release|Any CPU.ActiveCfg = Release|Any CPU
		{77C949B1-869E-46F4-92AB-57B37D417611}.Release|Any CPU.Build.0 = Release|Any CPU
		{576F7624-F37F-4BC9-BD61-C4A2113F755B}.Debug|Any CPU.ActiveCfg = Debug|Any CPU
		{576F7624-F37F-4BC9-BD61-C4A2113F755B}.Debug|Any CPU.Build.0 = Debug|Any CPU
		{576F7624-F37F-4BC9-BD61-C4A2113F755B}.Release|Any CPU.ActiveCfg = Release|Any CPU
		{576F7624-F37F-4BC9-BD61-C4A2113F755B}.Release|Any CPU.Build.0 = Release|Any CPU
	EndGlobalSection
	GlobalSection(SolutionProperties) = preSolution
		HideSolutionNode = FALSE
	EndGlobalSection
	GlobalSection(ExtensibilityGlobals) = postSolution
		SolutionGuid = {FDD0D6A3-85DB-4A47-A8D7-E9F1DB08698B}
	EndGlobalSection
EndGlobal
